
Microsoft Visual Studio Solution File, Format Version 12.00
# Visual Studio Version 17
VisualStudioVersion = 17.5.002.0
MinimumVisualStudioVersion = 10.0.40219.1
Project("{9A19103F-16F7-4668-BE54-9A1E7A4F7556}") = "LogisticManagement", "LogisticManagement.csproj", "{10680F77-16C7-457C-A4C6-ACE996818E24}"
EndProject
Global
	GlobalSection(SolutionConfigurationPlatforms) = preSolution
		Debug|Any CPU = Debug|Any CPU
		Release|Any CPU = Release|Any CPU
	EndGlobalSection
	GlobalSection(ProjectConfigurationPlatforms) = postSolution
		{10680F77-16C7-457C-A4C6-ACE996818E24}.Debug|Any CPU.ActiveCfg = Debug|Any CPU
		{10680F77-16C7-457C-A4C6-ACE996818E24}.Debug|Any CPU.Build.0 = Debug|Any CPU
		{10680F77-16C7-457C-A4C6-ACE996818E24}.Release|Any CPU.ActiveCfg = Release|Any CPU
		{10680F77-16C7-457C-A4C6-ACE996818E24}.Release|Any CPU.Build.0 = Release|Any CPU
	EndGlobalSection
	GlobalSection(SolutionProperties) = preSolution
		HideSolutionNode = FALSE
	EndGlobalSection
	GlobalSection(ExtensibilityGlobals) = postSolution
		SolutionGuid = {1D627E25-3896-49A9-9ACE-003A6646AD78}
	EndGlobalSection
EndGlobal
